
Microsoft Visual Studio Solution File, Format Version 12.00
# Visual Studio Version 17
VisualStudioVersion = 17.5.33414.496
MinimumVisualStudioVersion = 10.0.40219.1
Project("{FAE04EC0-301F-11D3-BF4B-00C04F79EFBC}") = "HelpFinal", "HelpFinal\HelpFinal.csproj", "{F31BAA48-9612-4149-8597-DC3A47F3D6DC}"
EndProject
Global
	GlobalSection(SolutionConfigurationPlatforms) = preSolution
		Debug|Any CPU = Debug|Any CPU
		Release|Any CPU = Release|Any CPU
	EndGlobalSection
	GlobalSection(ProjectConfigurationPlatforms) = postSolution
		{F31BAA48-9612-4149-8597-DC3A47F3D6DC}.Debug|Any CPU.ActiveCfg = Debug|Any CPU
		{F31BAA48-9612-4149-8597-DC3A47F3D6DC}.Debug|Any CPU.Build.0 = Debug|Any CPU
		{F31BAA48-9612-4149-8597-DC3A47F3D6DC}.Release|Any CPU.ActiveCfg = Release|Any CPU
		{F31BAA48-9612-4149-8597-DC3A47F3D6DC}.Release|Any CPU.Build.0 = Release|Any CPU
	EndGlobalSection
	GlobalSection(SolutionProperties) = preSolution
		HideSolutionNode = FALSE
	EndGlobalSection
	GlobalSection(ExtensibilityGlobals) = postSolution
		SolutionGuid = {A3531E4C-C01F-4C99-A8F8-B52B21AED837}
	EndGlobalSection
EndGlobal
